
Microsoft Visual Studio Solution File, Format Version 12.00
Project("{FAE04EC0-301F-11D3-BF4B-00C04F79EFBC}") = "nunit-csharp-samples", "nunit-csharp-samples\nunit-csharp-samples.csproj", "{AD2BE402-9B59-4320-AE0D-65BBEB74B231}"
EndProject
Global
	GlobalSection(SolutionConfigurationPlatforms) = preSolution
		Debug|Any CPU = Debug|Any CPU
		Release|Any CPU = Release|Any CPU
	EndGlobalSection
	GlobalSection(ProjectConfigurationPlatforms) = postSolution
		{AD2BE402-9B59-4320-AE0D-65BBEB74B231}.Debug|Any CPU.ActiveCfg = Debug|Any CPU
		{AD2BE402-9B59-4320-AE0D-65BBEB74B231}.Debug|Any CPU.Build.0 = Debug|Any CPU
		{AD2BE402-9B59-4320-AE0D-65BBEB74B231}.Release|Any CPU.ActiveCfg = Release|Any CPU
		{AD2BE402-9B59-4320-AE0D-65BBEB74B231}.Release|Any CPU.Build.0 = Release|Any CPU
	EndGlobalSection
EndGlobal
